
Microsoft Visual Studio Solution File, Format Version 12.00
# Visual Studio Version 17
VisualStudioVersion = 17.14.36603.0 d17.14
MinimumVisualStudioVersion = 10.0.40219.1
Project("{FAE04EC0-301F-11D3-BF4B-00C04F79EFBC}") = "Day07", "Day07.csproj", "{85879F9A-A4DD-4140-A6AB-EC576BC2F861}"
EndProject
Global
	GlobalSection(SolutionConfigurationPlatforms) = preSolution
		Debug|Any CPU = Debug|Any CPU
		Release|Any CPU = Release|Any CPU
	EndGlobalSection
	GlobalSection(ProjectConfigurationPlatforms) = postSolution
		{85879F9A-A4DD-4140-A6AB-EC576BC2F861}.Debug|Any CPU.ActiveCfg = Debug|Any CPU
		{85879F9A-A4DD-4140-A6AB-EC576BC2F861}.Debug|Any CPU.Build.0 = Debug|Any CPU
		{85879F9A-A4DD-4140-A6AB-EC576BC2F861}.Release|Any CPU.ActiveCfg = Release|Any CPU
		{85879F9A-A4DD-4140-A6AB-EC576BC2F861}.Release|Any CPU.Build.0 = Release|Any CPU
	EndGlobalSection
	GlobalSection(SolutionProperties) = preSolution
		HideSolutionNode = FALSE
	EndGlobalSection
	GlobalSection(ExtensibilityGlobals) = postSolution
		SolutionGuid = {A30F448E-0B24-459D-969E-B5DB6AB13837}
	EndGlobalSection
EndGlobal
