
Microsoft Visual Studio Solution File, Format Version 12.00
# Visual Studio Version 17
VisualStudioVersion = 17.14.36603.0 d17.14
MinimumVisualStudioVersion = 10.0.40219.1
Project("{FAE04EC0-301F-11D3-BF4B-00C04F79EFBC}") = "Day08", "Day08.csproj", "{5D7F4B9E-D1F5-4AD2-B809-EBF41F7F99EA}"
EndProject
Global
	GlobalSection(SolutionConfigurationPlatforms) = preSolution
		Debug|Any CPU = Debug|Any CPU
		Release|Any CPU = Release|Any CPU
	EndGlobalSection
	GlobalSection(ProjectConfigurationPlatforms) = postSolution
		{5D7F4B9E-D1F5-4AD2-B809-EBF41F7F99EA}.Debug|Any CPU.ActiveCfg = Debug|Any CPU
		{5D7F4B9E-D1F5-4AD2-B809-EBF41F7F99EA}.Debug|Any CPU.Build.0 = Debug|Any CPU
		{5D7F4B9E-D1F5-4AD2-B809-EBF41F7F99EA}.Release|Any CPU.ActiveCfg = Release|Any CPU
		{5D7F4B9E-D1F5-4AD2-B809-EBF41F7F99EA}.Release|Any CPU.Build.0 = Release|Any CPU
	EndGlobalSection
	GlobalSection(SolutionProperties) = preSolution
		HideSolutionNode = FALSE
	EndGlobalSection
	GlobalSection(ExtensibilityGlobals) = postSolution
		SolutionGuid = {01874F3F-BEC4-450B-9062-FCD68344AEB5}
	EndGlobalSection
EndGlobal
