
Microsoft Visual Studio Solution File, Format Version 12.00
# Visual Studio Version 17
VisualStudioVersion = 17.14.36603.0 d17.14
MinimumVisualStudioVersion = 10.0.40219.1
Project("{FAE04EC0-301F-11D3-BF4B-00C04F79EFBC}") = "Day02", "Day02.csproj", "{81E3ADB1-9D80-4F16-B738-140625406D52}"
EndProject
Global
	GlobalSection(SolutionConfigurationPlatforms) = preSolution
		Debug|Any CPU = Debug|Any CPU
		Release|Any CPU = Release|Any CPU
	EndGlobalSection
	GlobalSection(ProjectConfigurationPlatforms) = postSolution
		{81E3ADB1-9D80-4F16-B738-140625406D52}.Debug|Any CPU.ActiveCfg = Debug|Any CPU
		{81E3ADB1-9D80-4F16-B738-140625406D52}.Debug|Any CPU.Build.0 = Debug|Any CPU
		{81E3ADB1-9D80-4F16-B738-140625406D52}.Release|Any CPU.ActiveCfg = Release|Any CPU
		{81E3ADB1-9D80-4F16-B738-140625406D52}.Release|Any CPU.Build.0 = Release|Any CPU
	EndGlobalSection
	GlobalSection(SolutionProperties) = preSolution
		HideSolutionNode = FALSE
	EndGlobalSection
	GlobalSection(ExtensibilityGlobals) = postSolution
		SolutionGuid = {DE5A9298-AF45-4DB2-93F3-CECFF97B8CD6}
	EndGlobalSection
EndGlobal
