
Microsoft Visual Studio Solution File, Format Version 12.00
# Visual Studio Version 17
VisualStudioVersion = 17.14.36603.0 d17.14
MinimumVisualStudioVersion = 10.0.40219.1
Project("{FAE04EC0-301F-11D3-BF4B-00C04F79EFBC}") = "Day04", "Day04.csproj", "{9737958E-4EEC-496C-B11C-C9DDF7D9AEC5}"
EndProject
Global
	GlobalSection(SolutionConfigurationPlatforms) = preSolution
		Debug|Any CPU = Debug|Any CPU
		Release|Any CPU = Release|Any CPU
	EndGlobalSection
	GlobalSection(ProjectConfigurationPlatforms) = postSolution
		{9737958E-4EEC-496C-B11C-C9DDF7D9AEC5}.Debug|Any CPU.ActiveCfg = Debug|Any CPU
		{9737958E-4EEC-496C-B11C-C9DDF7D9AEC5}.Debug|Any CPU.Build.0 = Debug|Any CPU
		{9737958E-4EEC-496C-B11C-C9DDF7D9AEC5}.Release|Any CPU.ActiveCfg = Release|Any CPU
		{9737958E-4EEC-496C-B11C-C9DDF7D9AEC5}.Release|Any CPU.Build.0 = Release|Any CPU
	EndGlobalSection
	GlobalSection(SolutionProperties) = preSolution
		HideSolutionNode = FALSE
	EndGlobalSection
	GlobalSection(ExtensibilityGlobals) = postSolution
		SolutionGuid = {3D89B437-91F2-43B4-BCF9-63D9A3870F0F}
	EndGlobalSection
EndGlobal
